
Microsoft Visual Studio Solution File, Format Version 12.00
# Visual Studio Version 17
VisualStudioVersion = 17.13.35913.81
MinimumVisualStudioVersion = 10.0.40219.1
Project("{FAE04EC0-301F-11D3-BF4B-00C04F79EFBC}") = "SmartEstimateApp", "SmartEstimateApp\SmartEstimateApp.csproj", "{42052D46-1970-4131-8A3F-B4919D46B7A3}"
EndProject
Project("{FAE04EC0-301F-11D3-BF4B-00C04F79EFBC}") = "MigrationService", "MigrationService\MigrationService.csproj", "{794A42F8-9F45-4462-946C-75D5D51BA0E2}"
EndProject
Project("{FAE04EC0-301F-11D3-BF4B-00C04F79EFBC}") = "Dal", "Dal\Dal.csproj", "{C55DBA28-C22F-40FE-9933-A16CD0848398}"
EndProject
Project("{FAE04EC0-301F-11D3-BF4B-00C04F79EFBC}") = "Common", "Common\Common.csproj", "{D5E21681-44B6-4E16-8F20-58B933663C22}"
EndProject
Project("{FAE04EC0-301F-11D3-BF4B-00C04F79EFBC}") = "Bl", "Bl\Bl.csproj", "{A74D0B7D-C8E5-416A-B1FF-F2499E5A133E}"
EndProject
Project("{FAE04EC0-301F-11D3-BF4B-00C04F79EFBC}") = "Entities", "Entities\Entities.csproj", "{30FEF734-E7F4-41EC-ABEB-2B546C83B198}"
EndProject
Global
	GlobalSection(SolutionConfigurationPlatforms) = preSolution
		Debug|Any CPU = Debug|Any CPU
		Release|Any CPU = Release|Any CPU
	EndGlobalSection
	GlobalSection(ProjectConfigurationPlatforms) = postSolution
		{42052D46-1970-4131-8A3F-B4919D46B7A3}.Debug|Any CPU.ActiveCfg = Debug|Any CPU
		{42052D46-1970-4131-8A3F-B4919D46B7A3}.Debug|Any CPU.Build.0 = Debug|Any CPU
		{42052D46-1970-4131-8A3F-B4919D46B7A3}.Release|Any CPU.ActiveCfg = Release|Any CPU
		{42052D46-1970-4131-8A3F-B4919D46B7A3}.Release|Any CPU.Build.0 = Release|Any CPU
		{794A42F8-9F45-4462-946C-75D5D51BA0E2}.Debug|Any CPU.ActiveCfg = Debug|Any CPU
		{794A42F8-9F45-4462-946C-75D5D51BA0E2}.Debug|Any CPU.Build.0 = Debug|Any CPU
		{794A42F8-9F45-4462-946C-75D5D51BA0E2}.Release|Any CPU.ActiveCfg = Release|Any CPU
		{794A42F8-9F45-4462-946C-75D5D51BA0E2}.Release|Any CPU.Build.0 = Release|Any CPU
		{C55DBA28-C22F-40FE-9933-A16CD0848398}.Debug|Any CPU.ActiveCfg = Debug|Any CPU
		{C55DBA28-C22F-40FE-9933-A16CD0848398}.Debug|Any CPU.Build.0 = Debug|Any CPU
		{C55DBA28-C22F-40FE-9933-A16CD0848398}.Release|Any CPU.ActiveCfg = Release|Any CPU
		{C55DBA28-C22F-40FE-9933-A16CD0848398}.Release|Any CPU.Build.0 = Release|Any CPU
		{D5E21681-44B6-4E16-8F20-58B933663C22}.Debug|Any CPU.ActiveCfg = Debug|Any CPU
		{D5E21681-44B6-4E16-8F20-58B933663C22}.Debug|Any CPU.Build.0 = Debug|Any CPU
		{D5E21681-44B6-4E16-8F20-58B933663C22}.Release|Any CPU.ActiveCfg = Release|Any CPU
		{D5E21681-44B6-4E16-8F20-58B933663C22}.Release|Any CPU.Build.0 = Release|Any CPU
		{A74D0B7D-C8E5-416A-B1FF-F2499E5A133E}.Debug|Any CPU.ActiveCfg = Debug|Any CPU
		{A74D0B7D-C8E5-416A-B1FF-F2499E5A133E}.Debug|Any CPU.Build.0 = Debug|Any CPU
		{A74D0B7D-C8E5-416A-B1FF-F2499E5A133E}.Release|Any CPU.ActiveCfg = Release|Any CPU
		{A74D0B7D-C8E5-416A-B1FF-F2499E5A133E}.Release|Any CPU.Build.0 = Release|Any CPU
		{30FEF734-E7F4-41EC-ABEB-2B546C83B198}.Debug|Any CPU.ActiveCfg = Debug|Any CPU
		{30FEF734-E7F4-41EC-ABEB-2B546C83B198}.Debug|Any CPU.Build.0 = Debug|Any CPU
		{30FEF734-E7F4-41EC-ABEB-2B546C83B198}.Release|Any CPU.ActiveCfg = Release|Any CPU
		{30FEF734-E7F4-41EC-ABEB-2B546C83B198}.Release|Any CPU.Build.0 = Release|Any CPU
	EndGlobalSection
	GlobalSection(SolutionProperties) = preSolution
		HideSolutionNode = FALSE
	EndGlobalSection
	GlobalSection(ExtensibilityGlobals) = postSolution
		SolutionGuid = {A46B1E25-4C72-4935-80FB-1CD45327CA9B}
	EndGlobalSection
EndGlobal
